// !$*UTF8*$!
{
	archiveVersion = 1;
	classes = {
	};
	objectVersion = 56;
	objects = {

/* Begin PBXBuildFile section */
		D579B7E928E14E0E00D0A891 /* ScrollPhotoApp.swift in Sources */ = {isa = PBXBuildFile; fileRef = D579B7E828E14E0E00D0A891 /* ScrollPhotoApp.swift */; };
		D579B7EB28E14E0E00D0A891 /* ContentView.swift in Sources */ = {isa = PBXBuildFile; fileRef = D579B7EA28E14E0E00D0A891 /* ContentView.swift */; };
		D579B7ED28E14E1000D0A891 /* Assets.xcassets in Resources */ = {isa = PBXBuildFile; fileRef = D579B7EC28E14E1000D0A891 /* Assets.xcassets */; };
		D579B7F028E14E1000D0A891 /* Preview Assets.xcassets in Resources */ = {isa = PBXBuildFile; fileRef = D579B7EF28E14E1000D0A891 /* Preview Assets.xcassets */; };
		D579B7F228E14E1000D0A891 /* Persistence.swift in Sources */ = {isa = PBXBuildFile; fileRef = D579B7F128E14E1000D0A891 /* Persistence.swift */; };
		D579B7F528E14E1000D0A891 /* ScrollPhoto.xcdatamodeld in Sources */ = {isa = PBXBuildFile; fileRef = D579B7F328E14E1000D0A891 /* ScrollPhoto.xcdatamodeld */; };
		D579B7FF28E14E1100D0A891 /* ScrollPhotoTests.swift in Sources */ = {isa = PBXBuildFile; fileRef = D579B7FE28E14E1100D0A891 /* ScrollPhotoTests.swift */; };
		D579B80928E14E1100D0A891 /* ScrollPhotoUITests.swift in Sources */ = {isa = PBXBuildFile; fileRef = D579B80828E14E1100D0A891 /* ScrollPhotoUITests.swift */; };
		D579B80B28E14E1100D0A891 /* ScrollPhotoUITestsLaunchTests.swift in Sources */ = {isa = PBXBuildFile; fileRef = D579B80A28E14E1100D0A891 /* ScrollPhotoUITestsLaunchTests.swift */; };
/* End PBXBuildFile section */

/* Begin PBXContainerItemProxy section */
		D579B7FB28E14E1100D0A891 /* PBXContainerItemProxy */ = {
			isa = PBXContainerItemProxy;
			containerPortal = D579B7DD28E14E0E00D0A891 /* Project object */;
			proxyType = 1;
			remoteGlobalIDString = D579B7E428E14E0E00D0A891;
			remoteInfo = ScrollPhoto;
		};
		D579B80528E14E1100D0A891 /* PBXContainerItemProxy */ = {
			isa = PBXContainerItemProxy;
			containerPortal = D579B7DD28E14E0E00D0A891 /* Project object */;
			proxyType = 1;
			remoteGlobalIDString = D579B7E428E14E0E00D0A891;
			remoteInfo = ScrollPhoto;
		};
/* End PBXContainerItemProxy section */

/* Begin PBXFileReference section */
		D579B7E528E14E0E00D0A891 /* ScrollPhoto.app */ = {isa = PBXFileReference; explicitFileType = wrapper.application; includeInIndex = 0; path = ScrollPhoto.app; sourceTree = BUILT_PRODUCTS_DIR; };
		D579B7E828E14E0E00D0A891 /* ScrollPhotoApp.swift */ = {isa = PBXFileReference; lastKnownFileType = sourcecode.swift; path = ScrollPhotoApp.swift; sourceTree = "<group>"; };
		D579B7EA28E14E0E00D0A891 /* ContentView.swift */ = {isa = PBXFileReference; lastKnownFileType = sourcecode.swift; path = ContentView.swift; sourceTree = "<group>"; };
		D579B7EC28E14E1000D0A891 /* Assets.xcassets */ = {isa = PBXFileReference; lastKnownFileType = folder.assetcatalog; path = Assets.xcassets; sourceTree = "<group>"; };
		D579B7EF28E14E1000D0A891 /* Preview Assets.xcassets */ = {isa = PBXFileReference; lastKnownFileType = folder.assetcatalog; path = "Preview Assets.xcassets"; sourceTree = "<group>"; };
		D579B7F128E14E1000D0A891 /* Persistence.swift */ = {isa = PBXFileReference; lastKnownFileType = sourcecode.swift; path = Persistence.swift; sourceTree = "<group>"; };
		D579B7F428E14E1000D0A891 /* ScrollPhoto.xcdatamodel */ = {isa = PBXFileReference; lastKnownFileType = wrapper.xcdatamodel; path = ScrollPhoto.xcdatamodel; sourceTree = "<group>"; };
		D579B7FA28E14E1100D0A891 /* ScrollPhotoTests.xctest */ = {isa = PBXFileReference; explicitFileType = wrapper.cfbundle; includeInIndex = 0; path = ScrollPhotoTests.xctest; sourceTree = BUILT_PRODUCTS_DIR; };
		D579B7FE28E14E1100D0A891 /* ScrollPhotoTests.swift */ = {isa = PBXFileReference; lastKnownFileType = sourcecode.swift; path = ScrollPhotoTests.swift; sourceTree = "<group>"; };
		D579B80428E14E1100D0A891 /* ScrollPhotoUITests.xctest */ = {isa = PBXFileReference; explicitFileType = wrapper.cfbundle; includeInIndex = 0; path = ScrollPhotoUITests.xctest; sourceTree = BUILT_PRODUCTS_DIR; };
		D579B80828E14E1100D0A891 /* ScrollPhotoUITests.swift */ = {isa = PBXFileReference; lastKnownFileType = sourcecode.swift; path = ScrollPhotoUITests.swift; sourceTree = "<group>"; };
		D579B80A28E14E1100D0A891 /* ScrollPhotoUITestsLaunchTests.swift */ = {isa = PBXFileReference; lastKnownFileType = sourcecode.swift; path = ScrollPhotoUITestsLaunchTests.swift; sourceTree = "<group>"; };
/* End PBXFileReference section */

/* Begin PBXFrameworksBuildPhase section */
		D579B7E228E14E0E00D0A891 /* Frameworks */ = {
			isa = PBXFrameworksBuildPhase;
			buildActionMask = 2147483647;
			files = (
			);
			runOnlyForDeploymentPostprocessing = 0;
		};
		D579B7F728E14E1100D0A891 /* Frameworks */ = {
			isa = PBXFrameworksBuildPhase;
			buildActionMask = 2147483647;
			files = (
			);
			runOnlyForDeploymentPostprocessing = 0;
		};
		D579B80128E14E1100D0A891 /* Frameworks */ = {
			isa = PBXFrameworksBuildPhase;
			buildActionMask = 2147483647;
			files = (
			);
			runOnlyForDeploymentPostprocessing = 0;
		};
/* End PBXFrameworksBuildPhase section */

/* Begin PBXGroup section */
		D579B7DC28E14E0E00D0A891 = {
			isa = PBXGroup;
			children = (
				D579B7E728E14E0E00D0A891 /* ScrollPhoto */,
				D579B7FD28E14E1100D0A891 /* ScrollPhotoTests */,
				D579B80728E14E1100D0A891 /* ScrollPhotoUITests */,
				D579B7E628E14E0E00D0A891 /* Products */,
			);
			sourceTree = "<group>";
		};
		D579B7E628E14E0E00D0A891 /* Products */ = {
			isa = PBXGroup;
			children = (
				D579B7E528E14E0E00D0A891 /* ScrollPhoto.app */,
				D579B7FA28E14E1100D0A891 /* ScrollPhotoTests.xctest */,
				D579B80428E14E1100D0A891 /* ScrollPhotoUITests.xctest */,
			);
			name = Products;
			sourceTree = "<group>";
		};
		D579B7E728E14E0E00D0A891 /* ScrollPhoto */ = {
			isa = PBXGroup;
			children = (
				D579B7E828E14E0E00D0A891 /* ScrollPhotoApp.swift */,
				D579B7EA28E14E0E00D0A891 /* ContentView.swift */,
				D579B7EC28E14E1000D0A891 /* Assets.xcassets */,
				D579B7F128E14E1000D0A891 /* Persistence.swift */,
				D579B7F328E14E1000D0A891 /* ScrollPhoto.xcdatamodeld */,
				D579B7EE28E14E1000D0A891 /* Preview Content */,
			);
			path = ScrollPhoto;
			sourceTree = "<group>";
		};
		D579B7EE28E14E1000D0A891 /* Preview Content */ = {
			isa = PBXGroup;
			children = (
				D579B7EF28E14E1000D0A891 /* Preview Assets.xcassets */,
			);
			path = "Preview Content";
			sourceTree = "<group>";
		};
		D579B7FD28E14E1100D0A891 /* ScrollPhotoTests */ = {
			isa = PBXGroup;
			children = (
				D579B7FE28E14E1100D0A891 /* ScrollPhotoTests.swift */,
			);
			path = ScrollPhotoTests;
			sourceTree = "<group>";
		};
		D579B80728E14E1100D0A891 /* ScrollPhotoUITests */ = {
			isa = PBXGroup;
			children = (
				D579B80828E14E1100D0A891 /* ScrollPhotoUITests.swift */,
				D579B80A28E14E1100D0A891 /* ScrollPhotoUITestsLaunchTests.swift */,
			);
			path = ScrollPhotoUITests;
			sourceTree = "<group>";
		};
/* End PBXGroup section */

/* Begin PBXNativeTarget section */
		D579B7E428E14E0E00D0A891 /* ScrollPhoto */ = {
			isa = PBXNativeTarget;
			buildConfigurationList = D579B80E28E14E1100D0A891 /* Build configuration list for PBXNativeTarget "ScrollPhoto" */;
			buildPhases = (
				D579B7E128E14E0E00D0A891 /* Sources */,
				D579B7E228E14E0E00D0A891 /* Frameworks */,
				D579B7E328E14E0E00D0A891 /* Resources */,
			);
			buildRules = (
			);
			dependencies = (
			);
			name = ScrollPhoto;
			productName = ScrollPhoto;
			productReference = D579B7E528E14E0E00D0A891 /* ScrollPhoto.app */;
			productType = "com.apple.product-type.application";
		};
		D579B7F928E14E1100D0A891 /* ScrollPhotoTests */ = {
			isa = PBXNativeTarget;
			buildConfigurationList = D579B81128E14E1100D0A891 /* Build configuration list for PBXNativeTarget "ScrollPhotoTests" */;
			buildPhases = (
				D579B7F628E14E1100D0A891 /* Sources */,
				D579B7F728E14E1100D0A891 /* Frameworks */,
				D579B7F828E14E1100D0A891 /* Resources */,
			);
			buildRules = (
			);
			dependencies = (
				D579B7FC28E14E1100D0A891 /* PBXTargetDependency */,
			);
			name = ScrollPhotoTests;
			productName = ScrollPhotoTests;
			productReference = D579B7FA28E14E1100D0A891 /* ScrollPhotoTests.xctest */;
			productType = "com.apple.product-type.bundle.unit-test";
		};
		D579B80328E14E1100D0A891 /* ScrollPhotoUITests */ = {
			isa = PBXNativeTarget;
			buildConfigurationList = D579B81428E14E1100D0A891 /* Build configuration list for PBXNativeTarget "ScrollPhotoUITests" */;
			buildPhases = (
				D579B80028E14E1100D0A891 /* Sources */,
				D579B80128E14E1100D0A891 /* Frameworks */,
				D579B80228E14E1100D0A891 /* Resources */,
			);
			buildRules = (
			);
			dependencies = (
				D579B80628E14E1100D0A891 /* PBXTargetDependency */,
			);
			name = ScrollPhotoUITests;
			productName = ScrollPhotoUITests;
			productReference = D579B80428E14E1100D0A891 /* ScrollPhotoUITests.xctest */;
			productType = "com.apple.product-type.bundle.ui-testing";
		};
/* End PBXNativeTarget section */

/* Begin PBXProject section */
		D579B7DD28E14E0E00D0A891 /* Project object */ = {
			isa = PBXProject;
			attributes = {
				BuildIndependentTargetsInParallel = 1;
				LastSwiftUpdateCheck = 1400;
				LastUpgradeCheck = 1400;
				TargetAttributes = {
					D579B7E428E14E0E00D0A891 = {
						CreatedOnToolsVersion = 14.0;
					};
					D579B7F928E14E1100D0A891 = {
						CreatedOnToolsVersion = 14.0;
						TestTargetID = D579B7E428E14E0E00D0A891;
					};
					D579B80328E14E1100D0A891 = {
						CreatedOnToolsVersion = 14.0;
						TestTargetID = D579B7E428E14E0E00D0A891;
					};
				};
			};
			buildConfigurationList = D579B7E028E14E0E00D0A891 /* Build configuration list for PBXProject "ScrollPhoto" */;
			compatibilityVersion = "Xcode 14.0";
			developmentRegion = en;
			hasScannedForEncodings = 0;
			knownRegions = (
				en,
				Base,
			);
			mainGroup = D579B7DC28E14E0E00D0A891;
			productRefGroup = D579B7E628E14E0E00D0A891 /* Products */;
			projectDirPath = "";
			projectRoot = "";
			targets = (
				D579B7E428E14E0E00D0A891 /* ScrollPhoto */,
				D579B7F928E14E1100D0A891 /* ScrollPhotoTests */,
				D579B80328E14E1100D0A891 /* ScrollPhotoUITests */,
			);
		};
/* End PBXProject section */

/* Begin PBXResourcesBuildPhase section */
		D579B7E328E14E0E00D0A891 /* Resources */ = {
			isa = PBXResourcesBuildPhase;
			buildActionMask = 2147483647;
			files = (
				D579B7F028E14E1000D0A891 /* Preview Assets.xcassets in Resources */,
				D579B7ED28E14E1000D0A891 /* Assets.xcassets in Resources */,
			);
			runOnlyForDeploymentPostprocessing = 0;
		};
		D579B7F828E14E1100D0A891 /* Resources */ = {
			isa = PBXResourcesBuildPhase;
			buildActionMask = 2147483647;
			files = (
			);
			runOnlyForDeploymentPostprocessing = 0;
		};
		D579B80228E14E1100D0A891 /* Resources */ = {
			isa = PBXResourcesBuildPhase;
			buildActionMask = 2147483647;
			files = (
			);
			runOnlyForDeploymentPostprocessing = 0;
		};
/* End PBXResourcesBuildPhase section */

/* Begin PBXSourcesBuildPhase section */
		D579B7E128E14E0E00D0A891 /* Sources */ = {
			isa = PBXSourcesBuildPhase;
			buildActionMask = 2147483647;
			files = (
				D579B7F228E14E1000D0A891 /* Persistence.swift in Sources */,
				D579B7F528E14E1000D0A891 /* ScrollPhoto.xcdatamodeld in Sources */,
				D579B7EB28E14E0E00D0A891 /* ContentView.swift in Sources */,
				D579B7E928E14E0E00D0A891 /* ScrollPhotoApp.swift in Sources */,
			);
			runOnlyForDeploymentPostprocessing = 0;
		};
		D579B7F628E14E1100D0A891 /* Sources */ = {
			isa = PBXSourcesBuildPhase;
			buildActionMask = 2147483647;
			files = (
				D579B7FF28E14E1100D0A891 /* ScrollPhotoTests.swift in Sources */,
			);
			runOnlyForDeploymentPostprocessing = 0;
		};
		D579B80028E14E1100D0A891 /* Sources */ = {
			isa = PBXSourcesBuildPhase;
			buildActionMask = 2147483647;
			files = (
				D579B80B28E14E1100D0A891 /* ScrollPhotoUITestsLaunchTests.swift in Sources */,
				D579B80928E14E1100D0A891 /* ScrollPhotoUITests.swift in Sources */,
			);
			runOnlyForDeploymentPostprocessing = 0;
		};
/* End PBXSourcesBuildPhase section */

/* Begin PBXTargetDependency section */
		D579B7FC28E14E1100D0A891 /* PBXTargetDependency */ = {
			isa = PBXTargetDependency;
			target = D579B7E428E14E0E00D0A891 /* ScrollPhoto */;
			targetProxy = D579B7FB28E14E1100D0A891 /* PBXContainerItemProxy */;
		};
		D579B80628E14E1100D0A891 /* PBXTargetDependency */ = {
			isa = PBXTargetDependency;
			target = D579B7E428E14E0E00D0A891 /* ScrollPhoto */;
			targetProxy = D579B80528E14E1100D0A891 /* PBXContainerItemProxy */;
		};
/* End PBXTargetDependency section */

/* Begin XCBuildConfiguration section */
		D579B80C28E14E1100D0A891 /* Debug */ = {
			isa = XCBuildConfiguration;
			buildSettings = {
				ALWAYS_SEARCH_USER_PATHS = NO;
				CLANG_ANALYZER_NONNULL = YES;
				CLANG_ANALYZER_NUMBER_OBJECT_CONVERSION = YES_AGGRESSIVE;
				CLANG_CXX_LANGUAGE_STANDARD = "gnu++20";
				CLANG_ENABLE_MODULES = YES;
				CLANG_ENABLE_OBJC_ARC = YES;
				CLANG_ENABLE_OBJC_WEAK = YES;
				CLANG_WARN_BLOCK_CAPTURE_AUTORELEASING = YES;
				CLANG_WARN_BOOL_CONVERSION = YES;
				CLANG_WARN_COMMA = YES;
				CLANG_WARN_CONSTANT_CONVERSION = YES;
				CLANG_WARN_DEPRECATED_OBJC_IMPLEMENTATIONS = YES;
				CLANG_WARN_DIRECT_OBJC_ISA_USAGE = YES_ERROR;
				CLANG_WARN_DOCUMENTATION_COMMENTS = YES;
				CLANG_WARN_EMPTY_BODY = YES;
				CLANG_WARN_ENUM_CONVERSION = YES;
				CLANG_WARN_INFINITE_RECURSION = YES;
				CLANG_WARN_INT_CONVERSION = YES;
				CLANG_WARN_NON_LITERAL_NULL_CONVERSION = YES;
				CLANG_WARN_OBJC_IMPLICIT_RETAIN_SELF = YES;
				CLANG_WARN_OBJC_LITERAL_CONVERSION = YES;
				CLANG_WARN_OBJC_ROOT_CLASS = YES_ERROR;
				CLANG_WARN_QUOTED_INCLUDE_IN_FRAMEWORK_HEADER = YES;
				CLANG_WARN_RANGE_LOOP_ANALYSIS = YES;
				CLANG_WARN_STRICT_PROTOTYPES = YES;
				CLANG_WARN_SUSPICIOUS_MOVE = YES;
				CLANG_WARN_UNGUARDED_AVAILABILITY = YES_AGGRESSIVE;
				CLANG_WARN_UNREACHABLE_CODE = YES;
				CLANG_WARN__DUPLICATE_METHOD_MATCH = YES;
				COPY_PHASE_STRIP = NO;
				DEBUG_INFORMATION_FORMAT = dwarf;
				ENABLE_STRICT_OBJC_MSGSEND = YES;
				ENABLE_TESTABILITY = YES;
				GCC_C_LANGUAGE_STANDARD = gnu11;
				GCC_DYNAMIC_NO_PIC = NO;
				GCC_NO_COMMON_BLOCKS = YES;
				GCC_OPTIMIZATION_LEVEL = 0;
				GCC_PREPROCESSOR_DEFINITIONS = (
					"DEBUG=1",
					"$(inherited)",
				);
				GCC_WARN_64_TO_32_BIT_CONVERSION = YES;
				GCC_WARN_ABOUT_RETURN_TYPE = YES_ERROR;
				GCC_WARN_UNDECLARED_SELECTOR = YES;
				GCC_WARN_UNINITIALIZED_AUTOS = YES_AGGRESSIVE;
				GCC_WARN_UNUSED_FUNCTION = YES;
				GCC_WARN_UNUSED_VARIABLE = YES;
				IPHONEOS_DEPLOYMENT_TARGET = 16.0;
				MTL_ENABLE_DEBUG_INFO = INCLUDE_SOURCE;
				MTL_FAST_MATH = YES;
				ONLY_ACTIVE_ARCH = YES;
				SDKROOT = iphoneos;
				SWIFT_ACTIVE_COMPILATION_CONDITIONS = DEBUG;
				SWIFT_OPTIMIZATION_LEVEL = "-Onone";
			};
			name = Debug;
		};
		D579B80D28E14E1100D0A891 /* Release */ = {
			isa = XCBuildConfiguration;
			buildSettings = {
				ALWAYS_SEARCH_USER_PATHS = NO;
				CLANG_ANALYZER_NONNULL = YES;
				CLANG_ANALYZER_NUMBER_OBJECT_CONVERSION = YES_AGGRESSIVE;
				CLANG_CXX_LANGUAGE_STANDARD = "gnu++20";
				CLANG_ENABLE_MODULES = YES;
				CLANG_ENABLE_OBJC_ARC = YES;
				CLANG_ENABLE_OBJC_WEAK = YES;
				CLANG_WARN_BLOCK_CAPTURE_AUTORELEASING = YES;
				CLANG_WARN_BOOL_CONVERSION = YES;
				CLANG_WARN_COMMA = YES;
				CLANG_WARN_CONSTANT_CONVERSION = YES;
				CLANG_WARN_DEPRECATED_OBJC_IMPLEMENTATIONS = YES;
				CLANG_WARN_DIRECT_OBJC_ISA_USAGE = YES_ERROR;
				CLANG_WARN_DOCUMENTATION_COMMENTS = YES;
				CLANG_WARN_EMPTY_BODY = YES;
				CLANG_WARN_ENUM_CONVERSION = YES;
				CLANG_WARN_INFINITE_RECURSION = YES;
				CLANG_WARN_INT_CONVERSION = YES;
				CLANG_WARN_NON_LITERAL_NULL_CONVERSION = YES;
				CLANG_WARN_OBJC_IMPLICIT_RETAIN_SELF = YES;
				CLANG_WARN_OBJC_LITERAL_CONVERSION = YES;
				CLANG_WARN_OBJC_ROOT_CLASS = YES_ERROR;
				CLANG_WARN_QUOTED_INCLUDE_IN_FRAMEWORK_HEADER = YES;
				CLANG_WARN_RANGE_LOOP_ANALYSIS = YES;
				CLANG_WARN_STRICT_PROTOTYPES = YES;
				CLANG_WARN_SUSPICIOUS_MOVE = YES;
				CLANG_WARN_UNGUARDED_AVAILABILITY = YES_AGGRESSIVE;
				CLANG_WARN_UNREACHABLE_CODE = YES;
				CLANG_WARN__DUPLICATE_METHOD_MATCH = YES;
				COPY_PHASE_STRIP = NO;
				DEBUG_INFORMATION_FORMAT = "dwarf-with-dsym";
				ENABLE_NS_ASSERTIONS = NO;
				ENABLE_STRICT_OBJC_MSGSEND = YES;
				GCC_C_LANGUAGE_STANDARD = gnu11;
				GCC_NO_COMMON_BLOCKS = YES;
				GCC_WARN_64_TO_32_BIT_CONVERSION = YES;
				GCC_WARN_ABOUT_RETURN_TYPE = YES_ERROR;
				GCC_WARN_UNDECLARED_SELECTOR = YES;
				GCC_WARN_UNINITIALIZED_AUTOS = YES_AGGRESSIVE;
				GCC_WARN_UNUSED_FUNCTION = YES;
				GCC_WARN_UNUSED_VARIABLE = YES;
				IPHONEOS_DEPLOYMENT_TARGET = 16.0;
				MTL_ENABLE_DEBUG_INFO = NO;
				MTL_FAST_MATH = YES;
				SDKROOT = iphoneos;
				SWIFT_COMPILATION_MODE = wholemodule;
				SWIFT_OPTIMIZATION_LEVEL = "-O";
				VALIDATE_PRODUCT = YES;
			};
			name = Release;
		};
		D579B80F28E14E1100D0A891 /* Debug */ = {
			isa = XCBuildConfiguration;
			buildSettings = {
				ASSETCATALOG_COMPILER_APPICON_NAME = AppIcon;
				ASSETCATALOG_COMPILER_GLOBAL_ACCENT_COLOR_NAME = AccentColor;
				CODE_SIGN_STYLE = Automatic;
				CURRENT_PROJECT_VERSION = 1;
				DEVELOPMENT_ASSET_PATHS = "\"ScrollPhoto/Preview Content\"";
				DEVELOPMENT_TEAM = 4QP64UP44Y;
				ENABLE_PREVIEWS = YES;
				GENERATE_INFOPLIST_FILE = YES;
				INFOPLIST_KEY_UIApplicationSceneManifest_Generation = YES;
				INFOPLIST_KEY_UIApplicationSupportsIndirectInputEvents = YES;
				INFOPLIST_KEY_UILaunchScreen_Generation = YES;
				INFOPLIST_KEY_UISupportedInterfaceOrientations_iPad = "UIInterfaceOrientationPortrait UIInterfaceOrientationPortraitUpsideDown UIInterfaceOrientationLandscapeLeft UIInterfaceOrientationLandscapeRight";
				INFOPLIST_KEY_UISupportedInterfaceOrientations_iPhone = "UIInterfaceOrientationPortrait UIInterfaceOrientationLandscapeLeft UIInterfaceOrientationLandscapeRight";
				LD_RUNPATH_SEARCH_PATHS = (
					"$(inherited)",
					"@executable_path/Frameworks",
				);
				MARKETING_VERSION = 1.0;
				PRODUCT_BUNDLE_IDENTIFIER = co.Delask.ScrollPhoto;
				PRODUCT_NAME = "$(TARGET_NAME)";
				SWIFT_EMIT_LOC_STRINGS = YES;
				SWIFT_VERSION = 5.0;
				TARGETED_DEVICE_FAMILY = "1,2";
			};
			name = Debug;
		};
		D579B81028E14E1100D0A891 /* Release */ = {
			isa = XCBuildConfiguration;
			buildSettings = {
				ASSETCATALOG_COMPILER_APPICON_NAME = AppIcon;
				ASSETCATALOG_COMPILER_GLOBAL_ACCENT_COLOR_NAME = AccentColor;
				CODE_SIGN_STYLE = Automatic;
				CURRENT_PROJECT_VERSION = 1;
				DEVELOPMENT_ASSET_PATHS = "\"ScrollPhoto/Preview Content\"";
				DEVELOPMENT_TEAM = 4QP64UP44Y;
				ENABLE_PREVIEWS = YES;
				GENERATE_INFOPLIST_FILE = YES;
				INFOPLIST_KEY_UIApplicationSceneManifest_Generation = YES;
				INFOPLIST_KEY_UIApplicationSupportsIndirectInputEvents = YES;
				INFOPLIST_KEY_UILaunchScreen_Generation = YES;
				INFOPLIST_KEY_UISupportedInterfaceOrientations_iPad = "UIInterfaceOrientationPortrait UIInterfaceOrientationPortraitUpsideDown UIInterfaceOrientationLandscapeLeft UIInterfaceOrientationLandscapeRight";
				INFOPLIST_KEY_UISupportedInterfaceOrientations_iPhone = "UIInterfaceOrientationPortrait UIInterfaceOrientationLandscapeLeft UIInterfaceOrientationLandscapeRight";
				LD_RUNPATH_SEARCH_PATHS = (
					"$(inherited)",
					"@executable_path/Frameworks",
				);
				MARKETING_VERSION = 1.0;
				PRODUCT_BUNDLE_IDENTIFIER = co.Delask.ScrollPhoto;
				PRODUCT_NAME = "$(TARGET_NAME)";
				SWIFT_EMIT_LOC_STRINGS = YES;
				SWIFT_VERSION = 5.0;
				TARGETED_DEVICE_FAMILY = "1,2";
			};
			name = Release;
		};
		D579B81228E14E1100D0A891 /* Debug */ = {
			isa = XCBuildConfiguration;
			buildSettings = {
				ALWAYS_EMBED_SWIFT_STANDARD_LIBRARIES = YES;
				BUNDLE_LOADER = "$(TEST_HOST)";
				CODE_SIGN_STYLE = Automatic;
				CURRENT_PROJECT_VERSION = 1;
				DEVELOPMENT_TEAM = 4QP64UP44Y;
				GENERATE_INFOPLIST_FILE = YES;
				IPHONEOS_DEPLOYMENT_TARGET = 16.0;
				MARKETING_VERSION = 1.0;
				PRODUCT_BUNDLE_IDENTIFIER = co.Delask.ScrollPhotoTests;
				PRODUCT_NAME = "$(TARGET_NAME)";
				SWIFT_EMIT_LOC_STRINGS = NO;
				SWIFT_VERSION = 5.0;
				TARGETED_DEVICE_FAMILY = "1,2";
				TEST_HOST = "$(BUILT_PRODUCTS_DIR)/ScrollPhoto.app/$(BUNDLE_EXECUTABLE_FOLDER_PATH)/ScrollPhoto";
			};
			name = Debug;
		};
		D579B81328E14E1100D0A891 /* Release */ = {
			isa = XCBuildConfiguration;
			buildSettings = {
				ALWAYS_EMBED_SWIFT_STANDARD_LIBRARIES = YES;
				BUNDLE_LOADER = "$(TEST_HOST)";
				CODE_SIGN_STYLE = Automatic;
				CURRENT_PROJECT_VERSION = 1;
				DEVELOPMENT_TEAM = 4QP64UP44Y;
				GENERATE_INFOPLIST_FILE = YES;
				IPHONEOS_DEPLOYMENT_TARGET = 16.0;
				MARKETING_VERSION = 1.0;
				PRODUCT_BUNDLE_IDENTIFIER = co.Delask.ScrollPhotoTests;
				PRODUCT_NAME = "$(TARGET_NAME)";
				SWIFT_EMIT_LOC_STRINGS = NO;
				SWIFT_VERSION = 5.0;
				TARGETED_DEVICE_FAMILY = "1,2";
				TEST_HOST = "$(BUILT_PRODUCTS_DIR)/ScrollPhoto.app/$(BUNDLE_EXECUTABLE_FOLDER_PATH)/ScrollPhoto";
			};
			name = Release;
		};
		D579B81528E14E1100D0A891 /* Debug */ = {
			isa = XCBuildConfiguration;
			buildSettings = {
				ALWAYS_EMBED_SWIFT_STANDARD_LIBRARIES = YES;
				CODE_SIGN_STYLE = Automatic;
				CURRENT_PROJECT_VERSION = 1;
				DEVELOPMENT_TEAM = 4QP64UP44Y;
				GENERATE_INFOPLIST_FILE = YES;
				MARKETING_VERSION = 1.0;
				PRODUCT_BUNDLE_IDENTIFIER = co.Delask.ScrollPhotoUITests;
				PRODUCT_NAME = "$(TARGET_NAME)";
				SWIFT_EMIT_LOC_STRINGS = NO;
				SWIFT_VERSION = 5.0;
				TARGETED_DEVICE_FAMILY = "1,2";
				TEST_TARGET_NAME = ScrollPhoto;
			};
			name = Debug;
		};
		D579B81628E14E1100D0A891 /* Release */ = {
			isa = XCBuildConfiguration;
			buildSettings = {
				ALWAYS_EMBED_SWIFT_STANDARD_LIBRARIES = YES;
				CODE_SIGN_STYLE = Automatic;
				CURRENT_PROJECT_VERSION = 1;
				DEVELOPMENT_TEAM = 4QP64UP44Y;
				GENERATE_INFOPLIST_FILE = YES;
				MARKETING_VERSION = 1.0;
				PRODUCT_BUNDLE_IDENTIFIER = co.Delask.ScrollPhotoUITests;
				PRODUCT_NAME = "$(TARGET_NAME)";
				SWIFT_EMIT_LOC_STRINGS = NO;
				SWIFT_VERSION = 5.0;
				TARGETED_DEVICE_FAMILY = "1,2";
				TEST_TARGET_NAME = ScrollPhoto;
			};
			name = Release;
		};
/* End XCBuildConfiguration section */

/* Begin XCConfigurationList section */
		D579B7E028E14E0E00D0A891 /* Build configuration list for PBXProject "ScrollPhoto" */ = {
			isa = XCConfigurationList;
			buildConfigurations = (
				D579B80C28E14E1100D0A891 /* Debug */,
				D579B80D28E14E1100D0A891 /* Release */,
			);
			defaultConfigurationIsVisible = 0;
			defaultConfigurationName = Release;
		};
		D579B80E28E14E1100D0A891 /* Build configuration list for PBXNativeTarget "ScrollPhoto" */ = {
			isa = XCConfigurationList;
			buildConfigurations = (
				D579B80F28E14E1100D0A891 /* Debug */,
				D579B81028E14E1100D0A891 /* Release */,
			);
			defaultConfigurationIsVisible = 0;
			defaultConfigurationName = Release;
		};
		D579B81128E14E1100D0A891 /* Build configuration list for PBXNativeTarget "ScrollPhotoTests" */ = {
			isa = XCConfigurationList;
			buildConfigurations = (
				D579B81228E14E1100D0A891 /* Debug */,
				D579B81328E14E1100D0A891 /* Release */,
			);
			defaultConfigurationIsVisible = 0;
			defaultConfigurationName = Release;
		};
		D579B81428E14E1100D0A891 /* Build configuration list for PBXNativeTarget "ScrollPhotoUITests" */ = {
			isa = XCConfigurationList;
			buildConfigurations = (
				D579B81528E14E1100D0A891 /* Debug */,
				D579B81628E14E1100D0A891 /* Release */,
			);
			defaultConfigurationIsVisible = 0;
			defaultConfigurationName = Release;
		};
/* End XCConfigurationList section */

/* Begin XCVersionGroup section */
		D579B7F328E14E1000D0A891 /* ScrollPhoto.xcdatamodeld */ = {
			isa = XCVersionGroup;
			children = (
				D579B7F428E14E1000D0A891 /* ScrollPhoto.xcdatamodel */,
			);
			currentVersion = D579B7F428E14E1000D0A891 /* ScrollPhoto.xcdatamodel */;
			path = ScrollPhoto.xcdatamodeld;
			sourceTree = "<group>";
			versionGroupType = wrapper.xcdatamodel;
		};
/* End XCVersionGroup section */
	};
	rootObject = D579B7DD28E14E0E00D0A891 /* Project object */;
}
